
Microsoft Visual Studio Solution File, Format Version 12.00
# Visual Studio Version 16
VisualStudioVersion = 16.0.30804.86
MinimumVisualStudioVersion = 10.0.40219.1
Project("{FAE04EC0-301F-11D3-BF4B-00C04F79EFBC}") = "NeuroN", "NeuroN\NeuroN.csproj", "{157AA862-32A9-48E6-96B4-815CD845828B}"
EndProject
Project("{2150E333-8FDC-42A3-9474-1A3956D46DE8}") = "Solution Items", "Solution Items", "{2C0B168B-5B09-449B-8329-C5B5BDDA224D}"
EndProject
Global
	GlobalSection(SolutionConfigurationPlatforms) = preSolution
		Debug|Any CPU = Debug|Any CPU
		Release|Any CPU = Release|Any CPU
	EndGlobalSection
	GlobalSection(ProjectConfigurationPlatforms) = postSolution
		{157AA862-32A9-48E6-96B4-815CD845828B}.Debug|Any CPU.ActiveCfg = Debug|Any CPU
		{157AA862-32A9-48E6-96B4-815CD845828B}.Debug|Any CPU.Build.0 = Debug|Any CPU
		{157AA862-32A9-48E6-96B4-815CD845828B}.Release|Any CPU.ActiveCfg = Release|Any CPU
		{157AA862-32A9-48E6-96B4-815CD845828B}.Release|Any CPU.Build.0 = Release|Any CPU
	EndGlobalSection
	GlobalSection(SolutionProperties) = preSolution
		HideSolutionNode = FALSE
	EndGlobalSection
	GlobalSection(ExtensibilityGlobals) = postSolution
		SolutionGuid = {6921D05A-77F7-429B-B11F-1D9DEC07AC4A}
	EndGlobalSection
EndGlobal
